# THIS IS AN AUTOGENERATED FILE. DO NOT EDIT THIS FILE DIRECTLY.
# yarn lockfile v1


ttni@^1.0.5:
  version "1.0.5"
  resolved "https://registry.yarnpkg.com/ttni/-/ttni-1.0.5.tgz#51f8ebf923f2a9dd4caf93215371adc64d812733"
  integrity sha512-Olg1mPXR4qPYHtvBmSf5n754ztuaIxnAnNP72ZoAmFJQvueQK6F6kUi2IzfnElMBXHNX+s6SIp3JMWvijOlSyw==
